{
  "name": "blueprint3d",
  "version": "0.0.1",
  "lockfileVersion": 2,
  "requires": true,
  "packages": {
    "": {
      "name": "blueprint3d",
      "version": "0.0.1",
      "license": "(MIT OR Apache-2.0)",
      "dependencies": {
        "bootstrap": "^3.3.1",
        "bootstrap-tour": "^0.10.1",
        "inherits": "^2.0.1",
        "jquery": "^2.1.3",
        "polygon": "^0.1.0",
        "segseg": "^0.2.1",
        "underscore": "^1.7.0",
        "vec2": "^1.6.0"
      },
      "devDependencies": {
        "@types/jquery": "^3.5.29",
        "@types/node": "^20.10.5",
        "@types/three": "^0.81.1",
        "three": "^0.81.2",
        "typescript": "^5.0.0"
      }
    },
    "node_modules/@types/jquery": {
      "version": "3.5.29",
      "resolved": "https://registry.npmjs.org/@types/jquery/-/jquery-3.5.29.tgz",
      "integrity": "sha512-oXQQC9X9MOPRrMhPHHOsXqeQDnWeCDT3PelUIg/Oy8FAbzSZtFHRjc7IpbfFVmpLtJ+UOoywpRsuO5Jxjybyeg==",
      "dev": true,
      "dependencies": {
        "@types/sizzle": "*"
      }
    },
    "node_modules/@types/node": {
      "version": "20.10.5",
      "resolved": "https://registry.npmjs.org/@types/node/-/node-20.10.5.tgz",
      "integrity": "sha512-nNPsNE65wjMxEKI93yOP+NPGGBJz/PoN3kZsVLee0XMiJolxSekEVD8wRwBUBqkwc7UWop0edW50yrCQW4CyRw==",
      "dev": true,
      "dependencies": {
        "undici-types": "~5.26.4"
      }
    },
    "node_modules/@types/sizzle": {
      "version": "2.3.8",
      "resolved": "https://registry.npmjs.org/@types/sizzle/-/sizzle-2.3.8.tgz",
      "integrity": "sha512-0vWLNK2D5MT9dg0iOo8GlKguPAU02QjmZitPEsXRuJXU/OGIOt9vT9Fc26wtYuavLxtO45v9PGleoL9Z0k1LHg==",
      "dev": true
    },
    "node_modules/@types/three": {
      "version": "0.81.1",
      "resolved": "https://registry.npmjs.org/@types/three/-/three-0.81.1.tgz",
      "integrity": "sha512-tXMzQrZAt2Eg4rlYq5dIscBVmAWFeMr2peE0FclQl5CscDdtQB0bjaPMD+7FdsdTY4aF5qfPPV7XUH5Z6bmjFw==",
      "dev": true,
      "dependencies": {
        "@types/webvr-api": "*"
      }
    },
    "node_modules/@types/webvr-api": {
      "version": "0.0.40",
      "resolved": "https://registry.npmjs.org/@types/webvr-api/-/webvr-api-0.0.40.tgz",
      "integrity": "sha512-kCGAvdfVmlNK7vHPGqDQcuESrzfyno8ECPuQDnjadgSntWShkBm0SW70i/qfgckgjFbKunGcTMKAZqknEwKs0Q==",
      "dev": true
    },
    "node_modules/bootstrap": {
      "version": "3.4.1",
      "resolved": "https://registry.npmjs.org/bootstrap/-/bootstrap-3.4.1.tgz",
      "integrity": "sha512-yN5oZVmRCwe5aKwzRj6736nSmKDX7pLYwsXiCj/EYmo16hODaBiT4En5btW/jhBF/seV+XMx3aYwukYC3A49DA==",
      "engines": {
        "node": ">=6"
      }
    },
    "node_modules/bootstrap-tour": {
      "version": "0.10.3",
      "resolved": "https://registry.npmjs.org/bootstrap-tour/-/bootstrap-tour-0.10.3.tgz",
      "integrity": "sha512-O9QYZM74EQ8tDwtK+TR0NIfzfTTSQp1iX7TTnWIClFMipmqfp93+C7Oij0+Qsw6TnwXuSXM7CHYyzSd0LhjJmA==",
      "dependencies": {
        "bootstrap": "~3",
        "jquery": ">=1.8"
      },
      "engines": {
        "node": ">= 0.8.0"
      }
    },
    "node_modules/inherits": {
      "version": "2.0.4",
      "resolved": "https://registry.npmjs.org/inherits/-/inherits-2.0.4.tgz",
      "integrity": "sha512-k/vGaX4/Yla3WzyMCvTQOXYeIHvqOKtnqBduzTHpzpQZzAskKMhZ2K+EnBiSM9zGSoIFeMpXKxa4dYeZIQqewQ=="
    },
    "node_modules/jquery": {
      "version": "2.2.4",
      "resolved": "https://registry.npmjs.org/jquery/-/jquery-2.2.4.tgz",
      "integrity": "sha512-lBHj60ezci2u1v2FqnZIraShGgEXq35qCzMv4lITyHGppTnA13rwR0MgwyNJh9TnDs3aXUvd1xjAotfraMHX/Q=="
    },
    "node_modules/polygon": {
      "version": "0.1.0",
      "resolved": "https://registry.npmjs.org/polygon/-/polygon-0.1.0.tgz",
      "integrity": "sha512-EfBIb+27Y2i+6jZI1yFgzkWJRUzVf20GeSUVHtcf0E9iAKBDSlNuCFnXf9PDultKYCjA7PHEvBnQulo8cB/xaA==",
      "dependencies": {
        "segseg": "~0.2.0",
        "vec2": "~1.3.2"
      }
    },
    "node_modules/polygon/node_modules/vec2": {
      "version": "1.3.4",
      "resolved": "https://registry.npmjs.org/vec2/-/vec2-1.3.4.tgz",
      "integrity": "sha512-1Xz/hZrmSjf2LcCjGO/Abg4Kzjdq9xArSv/9NeyYU7sIkRlKax8sUgGhqV0T/JDZrUW0aEz3+wYIzENejR9HoA=="
    },
    "node_modules/segseg": {
      "version": "0.2.2",
      "resolved": "https://registry.npmjs.org/segseg/-/segseg-0.2.2.tgz",
      "integrity": "sha512-eEJ61YUpiq60wmp+o2SlmS3swgSc66QLzAlLBBUoMeEld/eekmSM4k+2f5Q2vb4QeDYkO0QFp9XSKycUGjRBYQ=="
    },
    "node_modules/three": {
      "version": "0.81.2",
      "resolved": "https://registry.npmjs.org/three/-/three-0.81.2.tgz",
      "integrity": "sha512-GhHNI2SWV1+0ZPP/EgVbN1wDMQ0slCiDHd/ye/sGx2KomhgNY+Iozg2GfgkmGlL1f9xD78TTW8HGFn9bnEdWbg==",
      "dev": true
    },
    "node_modules/typescript": {
      "version": "5.3.3",
      "resolved": "https://registry.npmjs.org/typescript/-/typescript-5.3.3.tgz",
      "integrity": "sha512-pXWcraxM0uxAS+tN0AG/BF2TyqmHO014Z070UsJ+pFvYuRSq8KH8DmWpnbXe0pEPDHXZV3FcAbJkijJ5oNEnWw==",
      "dev": true,
      "bin": {
        "tsc": "bin/tsc",
        "tsserver": "bin/tsserver"
      },
      "engines": {
        "node": ">=14.17"
      }
    },
    "node_modules/underscore": {
      "version": "1.13.6",
      "resolved": "https://registry.npmjs.org/underscore/-/underscore-1.13.6.tgz",
      "integrity": "sha512-+A5Sja4HP1M08MaXya7p5LvjuM7K6q/2EaC0+iovj/wOcMsTzMvDFbasi/oSapiwOlt252IqsKqPjCl7huKS0A=="
    },
    "node_modules/undici-types": {
      "version": "5.26.5",
      "resolved": "https://registry.npmjs.org/undici-types/-/undici-types-5.26.5.tgz",
      "integrity": "sha512-JlCMO+ehdEIKqlFxk6IfVoAUVmgz7cU7zD/h9XZ0qzeosSHmUJVOzSQvvYSYWXkFXC+IfLKSIffhv0sVZup6pA==",
      "dev": true
    },
    "node_modules/vec2": {
      "version": "1.6.1",
      "resolved": "https://registry.npmjs.org/vec2/-/vec2-1.6.1.tgz",
      "integrity": "sha512-6/1i+Z2JSglrBQYCrjogt8f2X3pFXRpFOncMBrUL+T+640+bOBRRTXvZx3HUnaGelioNmfBLUnIIKdqwjO1hHw=="
    }
  },
  "dependencies": {
    "@types/jquery": {
      "version": "3.5.29",
      "resolved": "https://registry.npmjs.org/@types/jquery/-/jquery-3.5.29.tgz",
      "integrity": "sha512-oXQQC9X9MOPRrMhPHHOsXqeQDnWeCDT3PelUIg/Oy8FAbzSZtFHRjc7IpbfFVmpLtJ+UOoywpRsuO5Jxjybyeg==",
      "dev": true,
      "requires": {
        "@types/sizzle": "*"
      }
    },
    "@types/node": {
      "version": "20.10.5",
      "resolved": "https://registry.npmjs.org/@types/node/-/node-20.10.5.tgz",
      "integrity": "sha512-nNPsNE65wjMxEKI93yOP+NPGGBJz/PoN3kZsVLee0XMiJolxSekEVD8wRwBUBqkwc7UWop0edW50yrCQW4CyRw==",
      "dev": true,
      "requires": {
        "undici-types": "~5.26.4"
      }
    },
    "@types/sizzle": {
      "version": "2.3.8",
      "resolved": "https://registry.npmjs.org/@types/sizzle/-/sizzle-2.3.8.tgz",
      "integrity": "sha512-0vWLNK2D5MT9dg0iOo8GlKguPAU02QjmZitPEsXRuJXU/OGIOt9vT9Fc26wtYuavLxtO45v9PGleoL9Z0k1LHg==",
      "dev": true
    },
    "@types/three": {
      "version": "0.81.1",
      "resolved": "https://registry.npmjs.org/@types/three/-/three-0.81.1.tgz",
      "integrity": "sha512-tXMzQrZAt2Eg4rlYq5dIscBVmAWFeMr2peE0FclQl5CscDdtQB0bjaPMD+7FdsdTY4aF5qfPPV7XUH5Z6bmjFw==",
      "dev": true,
      "requires": {
        "@types/webvr-api": "*"
      }
    },
    "@types/webvr-api": {
      "version": "0.0.40",
      "resolved": "https://registry.npmjs.org/@types/webvr-api/-/webvr-api-0.0.40.tgz",
      "integrity": "sha512-kCGAvdfVmlNK7vHPGqDQcuESrzfyno8ECPuQDnjadgSntWShkBm0SW70i/qfgckgjFbKunGcTMKAZqknEwKs0Q==",
      "dev": true
    },
    "bootstrap": {
      "version": "3.4.1",
      "resolved": "https://registry.npmjs.org/bootstrap/-/bootstrap-3.4.1.tgz",
      "integrity": "sha512-yN5oZVmRCwe5aKwzRj6736nSmKDX7pLYwsXiCj/EYmo16hODaBiT4En5btW/jhBF/seV+XMx3aYwukYC3A49DA=="
    },
    "bootstrap-tour": {
      "version": "0.10.3",
      "resolved": "https://registry.npmjs.org/bootstrap-tour/-/bootstrap-tour-0.10.3.tgz",
      "integrity": "sha512-O9QYZM74EQ8tDwtK+TR0NIfzfTTSQp1iX7TTnWIClFMipmqfp93+C7Oij0+Qsw6TnwXuSXM7CHYyzSd0LhjJmA==",
      "requires": {
        "bootstrap": "~3",
        "jquery": ">=1.8"
      }
    },
    "inherits": {
      "version": "2.0.4",
      "resolved": "https://registry.npmjs.org/inherits/-/inherits-2.0.4.tgz",
      "integrity": "sha512-k/vGaX4/Yla3WzyMCvTQOXYeIHvqOKtnqBduzTHpzpQZzAskKMhZ2K+EnBiSM9zGSoIFeMpXKxa4dYeZIQqewQ=="
    },
    "jquery": {
      "version": "2.2.4",
      "resolved": "https://registry.npmjs.org/jquery/-/jquery-2.2.4.tgz",
      "integrity": "sha512-lBHj60ezci2u1v2FqnZIraShGgEXq35qCzMv4lITyHGppTnA13rwR0MgwyNJh9TnDs3aXUvd1xjAotfraMHX/Q=="
    },
    "polygon": {
      "version": "0.1.0",
      "resolved": "https://registry.npmjs.org/polygon/-/polygon-0.1.0.tgz",
      "integrity": "sha512-EfBIb+27Y2i+6jZI1yFgzkWJRUzVf20GeSUVHtcf0E9iAKBDSlNuCFnXf9PDultKYCjA7PHEvBnQulo8cB/xaA==",
      "requires": {
        "segseg": "~0.2.0",
        "vec2": "~1.3.2"
      },
      "dependencies": {
        "vec2": {
          "version": "1.3.4",
          "resolved": "https://registry.npmjs.org/vec2/-/vec2-1.3.4.tgz",
          "integrity": "sha512-1Xz/hZrmSjf2LcCjGO/Abg4Kzjdq9xArSv/9NeyYU7sIkRlKax8sUgGhqV0T/JDZrUW0aEz3+wYIzENejR9HoA=="
        }
      }
    },
    "segseg": {
      "version": "0.2.2",
      "resolved": "https://registry.npmjs.org/segseg/-/segseg-0.2.2.tgz",
      "integrity": "sha512-eEJ61YUpiq60wmp+o2SlmS3swgSc66QLzAlLBBUoMeEld/eekmSM4k+2f5Q2vb4QeDYkO0QFp9XSKycUGjRBYQ=="
    },
    "three": {
      "version": "0.81.2",
      "resolved": "https://registry.npmjs.org/three/-/three-0.81.2.tgz",
      "integrity": "sha512-GhHNI2SWV1+0ZPP/EgVbN1wDMQ0slCiDHd/ye/sGx2KomhgNY+Iozg2GfgkmGlL1f9xD78TTW8HGFn9bnEdWbg==",
      "dev": true
    },
    "typescript": {
      "version": "5.3.3",
      "resolved": "https://registry.npmjs.org/typescript/-/typescript-5.3.3.tgz",
      "integrity": "sha512-pXWcraxM0uxAS+tN0AG/BF2TyqmHO014Z070UsJ+pFvYuRSq8KH8DmWpnbXe0pEPDHXZV3FcAbJkijJ5oNEnWw==",
      "dev": true
    },
    "underscore": {
      "version": "1.13.6",
      "resolved": "https://registry.npmjs.org/underscore/-/underscore-1.13.6.tgz",
      "integrity": "sha512-+A5Sja4HP1M08MaXya7p5LvjuM7K6q/2EaC0+iovj/wOcMsTzMvDFbasi/oSapiwOlt252IqsKqPjCl7huKS0A=="
    },
    "undici-types": {
      "version": "5.26.5",
      "resolved": "https://registry.npmjs.org/undici-types/-/undici-types-5.26.5.tgz",
      "integrity": "sha512-JlCMO+ehdEIKqlFxk6IfVoAUVmgz7cU7zD/h9XZ0qzeosSHmUJVOzSQvvYSYWXkFXC+IfLKSIffhv0sVZup6pA==",
      "dev": true
    },
    "vec2": {
      "version": "1.6.1",
      "resolved": "https://registry.npmjs.org/vec2/-/vec2-1.6.1.tgz",
      "integrity": "sha512-6/1i+Z2JSglrBQYCrjogt8f2X3pFXRpFOncMBrUL+T+640+bOBRRTXvZx3HUnaGelioNmfBLUnIIKdqwjO1hHw=="
    }
  }
}
